
Microsoft Visual Studio Solution File, Format Version 12.00
# Visual Studio Version 17
VisualStudioVersion = 17.6.33829.357
MinimumVisualStudioVersion = 10.0.40219.1
Project("{FAE04EC0-301F-11D3-BF4B-00C04F79EFBC}") = "AppCalculadora.Android", "AppCalculadora.Android\AppCalculadora.Android.csproj", "{A0BD8E4A-8B7E-4698-B6C6-10C50B18352A}"
EndProject
Project("{FAE04EC0-301F-11D3-BF4B-00C04F79EFBC}") = "AppCalculadora", "AppCalculadora\AppCalculadora.csproj", "{D2B1D2E9-A5DD-43F3-B640-4FFAC916C629}"
EndProject
Global
	GlobalSection(SolutionConfigurationPlatforms) = preSolution
		Debug|Any CPU = Debug|Any CPU
		Release|Any CPU = Release|Any CPU
	EndGlobalSection
	GlobalSection(ProjectConfigurationPlatforms) = postSolution
		{A0BD8E4A-8B7E-4698-B6C6-10C50B18352A}.Debug|Any CPU.ActiveCfg = Debug|Any CPU
		{A0BD8E4A-8B7E-4698-B6C6-10C50B18352A}.Debug|Any CPU.Build.0 = Debug|Any CPU
		{A0BD8E4A-8B7E-4698-B6C6-10C50B18352A}.Debug|Any CPU.Deploy.0 = Debug|Any CPU
		{A0BD8E4A-8B7E-4698-B6C6-10C50B18352A}.Release|Any CPU.ActiveCfg = Release|Any CPU
		{A0BD8E4A-8B7E-4698-B6C6-10C50B18352A}.Release|Any CPU.Build.0 = Release|Any CPU
		{A0BD8E4A-8B7E-4698-B6C6-10C50B18352A}.Release|Any CPU.Deploy.0 = Release|Any CPU
		{D2B1D2E9-A5DD-43F3-B640-4FFAC916C629}.Debug|Any CPU.ActiveCfg = Debug|Any CPU
		{D2B1D2E9-A5DD-43F3-B640-4FFAC916C629}.Debug|Any CPU.Build.0 = Debug|Any CPU
		{D2B1D2E9-A5DD-43F3-B640-4FFAC916C629}.Debug|Any CPU.Deploy.0 = Debug|Any CPU
		{D2B1D2E9-A5DD-43F3-B640-4FFAC916C629}.Release|Any CPU.ActiveCfg = Release|Any CPU
		{D2B1D2E9-A5DD-43F3-B640-4FFAC916C629}.Release|Any CPU.Build.0 = Release|Any CPU
		{D2B1D2E9-A5DD-43F3-B640-4FFAC916C629}.Release|Any CPU.Deploy.0 = Release|Any CPU
	EndGlobalSection
	GlobalSection(SolutionProperties) = preSolution
		HideSolutionNode = FALSE
	EndGlobalSection
	GlobalSection(ExtensibilityGlobals) = postSolution
		SolutionGuid = {46EC1A7A-D570-4F14-8859-DEFBFDD27433}
	EndGlobalSection
EndGlobal
